
Microsoft Visual Studio Solution File, Format Version 11.00
# Visual Studio 2010
Project("{FAE04EC0-301F-11D3-BF4B-00C04F79EFBC}") = "Assembly-CSharp", "Assembly-CSharp.csproj", "{80310059-2456-1BFF-7EB4-5161D7900E54}"
EndProject
Project("{FAE04EC0-301F-11D3-BF4B-00C04F79EFBC}") = "Assembly-CSharp-firstpass", "Assembly-CSharp-firstpass.csproj", "{093FE1B3-6BE3-F712-FF4C-A0734A10D699}"
EndProject
Project("{FAE04EC0-301F-11D3-BF4B-00C04F79EFBC}") = "Assembly-CSharp-Editor-firstpass", "Assembly-CSharp-Editor-firstpass.csproj", "{BAD4A6FB-52AD-5890-F0C8-FDAC30B0AD85}"
EndProject
Global
	GlobalSection(SolutionConfigurationPlatforms) = preSolution
		Debug|Any CPU = Debug|Any CPU
		Release|Any CPU = Release|Any CPU
	EndGlobalSection
	GlobalSection(ProjectConfigurationPlatforms) = postSolution
		{80310059-2456-1BFF-7EB4-5161D7900E54}.Debug|Any CPU.ActiveCfg = Debug|Any CPU
		{80310059-2456-1BFF-7EB4-5161D7900E54}.Debug|Any CPU.Build.0 = Debug|Any CPU
		{80310059-2456-1BFF-7EB4-5161D7900E54}.Release|Any CPU.ActiveCfg = Release|Any CPU
		{80310059-2456-1BFF-7EB4-5161D7900E54}.Release|Any CPU.Build.0 = Release|Any CPU
		{093FE1B3-6BE3-F712-FF4C-A0734A10D699}.Debug|Any CPU.ActiveCfg = Debug|Any CPU
		{093FE1B3-6BE3-F712-FF4C-A0734A10D699}.Debug|Any CPU.Build.0 = Debug|Any CPU
		{093FE1B3-6BE3-F712-FF4C-A0734A10D699}.Release|Any CPU.ActiveCfg = Release|Any CPU
		{093FE1B3-6BE3-F712-FF4C-A0734A10D699}.Release|Any CPU.Build.0 = Release|Any CPU
		{BAD4A6FB-52AD-5890-F0C8-FDAC30B0AD85}.Debug|Any CPU.ActiveCfg = Debug|Any CPU
		{BAD4A6FB-52AD-5890-F0C8-FDAC30B0AD85}.Debug|Any CPU.Build.0 = Debug|Any CPU
		{BAD4A6FB-52AD-5890-F0C8-FDAC30B0AD85}.Release|Any CPU.ActiveCfg = Release|Any CPU
		{BAD4A6FB-52AD-5890-F0C8-FDAC30B0AD85}.Release|Any CPU.Build.0 = Release|Any CPU
	EndGlobalSection
	GlobalSection(SolutionProperties) = preSolution
		HideSolutionNode = FALSE
	EndGlobalSection
	GlobalSection(MonoDevelopProperties) = preSolution
		StartupItem = Assembly-CSharp.csproj
	EndGlobalSection
EndGlobal
